
Microsoft Visual Studio Solution File, Format Version 12.00
# Visual Studio Version 16
VisualStudioVersion = 16.0.29613.14
MinimumVisualStudioVersion = 10.0.40219.1
Project("{FAE04EC0-301F-11D3-BF4B-00C04F79EFBC}") = "dangit", "dangit\dangit.csproj", "{9548CD53-C1BC-4053-AF69-5AEA503A5554}"
EndProject
Global
	GlobalSection(SolutionConfigurationPlatforms) = preSolution
		Debug|Any CPU = Debug|Any CPU
		Release|Any CPU = Release|Any CPU
	EndGlobalSection
	GlobalSection(ProjectConfigurationPlatforms) = postSolution
		{9548CD53-C1BC-4053-AF69-5AEA503A5554}.Debug|Any CPU.ActiveCfg = Debug|Any CPU
		{9548CD53-C1BC-4053-AF69-5AEA503A5554}.Debug|Any CPU.Build.0 = Debug|Any CPU
		{9548CD53-C1BC-4053-AF69-5AEA503A5554}.Release|Any CPU.ActiveCfg = Release|Any CPU
		{9548CD53-C1BC-4053-AF69-5AEA503A5554}.Release|Any CPU.Build.0 = Release|Any CPU
	EndGlobalSection
	GlobalSection(SolutionProperties) = preSolution
		HideSolutionNode = FALSE
	EndGlobalSection
	GlobalSection(ExtensibilityGlobals) = postSolution
		SolutionGuid = {F437BA15-59FC-4CD8-973B-9E7F4AFF5CEB}
	EndGlobalSection
EndGlobal
